
Microsoft Visual Studio Solution File, Format Version 12.00
# Visual Studio Version 18
VisualStudioVersion = 18.0.11222.15
MinimumVisualStudioVersion = 10.0.40219.1
Project("{2150E333-8FDC-42A3-9474-1A3956D46DE8}") = "src", "src", "{02EA681E-C7D8-13C7-8484-4AC65E1B71E8}"
EndProject
Project("{FAE04EC0-301F-11D3-BF4B-00C04F79EFBC}") = "LabBooking.API", "src\LabBooking.API\LabBooking.API.csproj", "{11444FAA-64ED-FCCE-FB33-21A4D54312BC}"
EndProject
Project("{FAE04EC0-301F-11D3-BF4B-00C04F79EFBC}") = "LabBooking.Application", "src\LabBooking.Application\LabBooking.Application.csproj", "{F2AC1272-0DC0-8EB3-C0A3-05DF0427C189}"
EndProject
Project("{FAE04EC0-301F-11D3-BF4B-00C04F79EFBC}") = "LabBooking.Domain", "src\LabBooking.Domain\LabBooking.Domain.csproj", "{78355823-704B-DE81-E579-734B9A0DAE13}"
EndProject
Project("{FAE04EC0-301F-11D3-BF4B-00C04F79EFBC}") = "LabBooking.Infrastructure", "src\LabBooking.Infrastructure\LabBooking.Infrastructure.csproj", "{67858F12-8B79-F6D5-959E-8C370ECBA8A2}"
EndProject
Project("{2150E333-8FDC-42A3-9474-1A3956D46DE8}") = "tests", "tests", "{3B65042B-8236-4D48-BEDD-E612523DCCBE}"
EndProject
Project("{FAE04EC0-301F-11D3-BF4B-00C04F79EFBC}") = "LabBooking.Application.UnitTests", "tests\LabBooking.Application.UnitTests\LabBooking.Application.UnitTests.csproj", "{3ED3A09A-B4AB-4479-A99F-BBB4D886A7A9}"
EndProject
Project("{FAE04EC0-301F-11D3-BF4B-00C04F79EFBC}") = "LabBooking.Infrastructure.UnitTests", "tests\LabBooking.Infrastructure.UnitTests\LabBooking.Infrastructure.UnitTests.csproj", "{7EDBB52B-2FB5-421F-B4BE-69E03B38F74F}"
EndProject
Global
	GlobalSection(SolutionConfigurationPlatforms) = preSolution
		Debug|Any CPU = Debug|Any CPU
		Release|Any CPU = Release|Any CPU
	EndGlobalSection
	GlobalSection(ProjectConfigurationPlatforms) = postSolution
		{11444FAA-64ED-FCCE-FB33-21A4D54312BC}.Debug|Any CPU.ActiveCfg = Debug|Any CPU
		{11444FAA-64ED-FCCE-FB33-21A4D54312BC}.Debug|Any CPU.Build.0 = Debug|Any CPU
		{11444FAA-64ED-FCCE-FB33-21A4D54312BC}.Release|Any CPU.ActiveCfg = Release|Any CPU
		{11444FAA-64ED-FCCE-FB33-21A4D54312BC}.Release|Any CPU.Build.0 = Release|Any CPU
		{F2AC1272-0DC0-8EB3-C0A3-05DF0427C189}.Debug|Any CPU.ActiveCfg = Debug|Any CPU
		{F2AC1272-0DC0-8EB3-C0A3-05DF0427C189}.Debug|Any CPU.Build.0 = Debug|Any CPU
		{F2AC1272-0DC0-8EB3-C0A3-05DF0427C189}.Release|Any CPU.ActiveCfg = Release|Any CPU
		{F2AC1272-0DC0-8EB3-C0A3-05DF0427C189}.Release|Any CPU.Build.0 = Release|Any CPU
		{78355823-704B-DE81-E579-734B9A0DAE13}.Debug|Any CPU.ActiveCfg = Debug|Any CPU
		{78355823-704B-DE81-E579-734B9A0DAE13}.Debug|Any CPU.Build.0 = Debug|Any CPU
		{78355823-704B-DE81-E579-734B9A0DAE13}.Release|Any CPU.ActiveCfg = Release|Any CPU
		{78355823-704B-DE81-E579-734B9A0DAE13}.Release|Any CPU.Build.0 = Release|Any CPU
		{67858F12-8B79-F6D5-959E-8C370ECBA8A2}.Debug|Any CPU.ActiveCfg = Debug|Any CPU
		{67858F12-8B79-F6D5-959E-8C370ECBA8A2}.Debug|Any CPU.Build.0 = Debug|Any CPU
		{67858F12-8B79-F6D5-959E-8C370ECBA8A2}.Release|Any CPU.ActiveCfg = Release|Any CPU
		{67858F12-8B79-F6D5-959E-8C370ECBA8A2}.Release|Any CPU.Build.0 = Release|Any CPU
		{3ED3A09A-B4AB-4479-A99F-BBB4D886A7A9}.Debug|Any CPU.ActiveCfg = Debug|Any CPU
		{3ED3A09A-B4AB-4479-A99F-BBB4D886A7A9}.Debug|Any CPU.Build.0 = Debug|Any CPU
		{3ED3A09A-B4AB-4479-A99F-BBB4D886A7A9}.Release|Any CPU.ActiveCfg = Release|Any CPU
		{3ED3A09A-B4AB-4479-A99F-BBB4D886A7A9}.Release|Any CPU.Build.0 = Release|Any CPU
		{7EDBB52B-2FB5-421F-B4BE-69E03B38F74F}.Debug|Any CPU.ActiveCfg = Debug|Any CPU
		{7EDBB52B-2FB5-421F-B4BE-69E03B38F74F}.Debug|Any CPU.Build.0 = Debug|Any CPU
		{7EDBB52B-2FB5-421F-B4BE-69E03B38F74F}.Release|Any CPU.ActiveCfg = Release|Any CPU
		{7EDBB52B-2FB5-421F-B4BE-69E03B38F74F}.Release|Any CPU.Build.0 = Release|Any CPU
	EndGlobalSection
	GlobalSection(SolutionProperties) = preSolution
		HideSolutionNode = FALSE
	EndGlobalSection
	GlobalSection(NestedProjects) = preSolution
		{11444FAA-64ED-FCCE-FB33-21A4D54312BC} = {02EA681E-C7D8-13C7-8484-4AC65E1B71E8}
		{F2AC1272-0DC0-8EB3-C0A3-05DF0427C189} = {02EA681E-C7D8-13C7-8484-4AC65E1B71E8}
		{78355823-704B-DE81-E579-734B9A0DAE13} = {02EA681E-C7D8-13C7-8484-4AC65E1B71E8}
		{67858F12-8B79-F6D5-959E-8C370ECBA8A2} = {02EA681E-C7D8-13C7-8484-4AC65E1B71E8}
		{3ED3A09A-B4AB-4479-A99F-BBB4D886A7A9} = {3B65042B-8236-4D48-BEDD-E612523DCCBE}
		{7EDBB52B-2FB5-421F-B4BE-69E03B38F74F} = {3B65042B-8236-4D48-BEDD-E612523DCCBE}
	EndGlobalSection
	GlobalSection(ExtensibilityGlobals) = postSolution
		SolutionGuid = {C13D0927-CACC-4484-9023-F0C61F3D44C8}
	EndGlobalSection
EndGlobal
